
Microsoft Visual Studio Solution File, Format Version 12.00
# Visual Studio Version 17
VisualStudioVersion = 17.0.31912.275
MinimumVisualStudioVersion = 10.0.40219.1
Project("{FAE04EC0-301F-11D3-BF4B-00C04F79EFBC}") = "MultiLabs", "MultiLabs\MultiLabs.csproj", "{B318E9EA-FE55-46EB-A279-D8372AB2B915}"
EndProject
Global
	GlobalSection(SolutionConfigurationPlatforms) = preSolution
		Debug|Any CPU = Debug|Any CPU
		Release|Any CPU = Release|Any CPU
	EndGlobalSection
	GlobalSection(ProjectConfigurationPlatforms) = postSolution
		{B318E9EA-FE55-46EB-A279-D8372AB2B915}.Debug|Any CPU.ActiveCfg = Debug|Any CPU
		{B318E9EA-FE55-46EB-A279-D8372AB2B915}.Debug|Any CPU.Build.0 = Debug|Any CPU
		{B318E9EA-FE55-46EB-A279-D8372AB2B915}.Release|Any CPU.ActiveCfg = Release|Any CPU
		{B318E9EA-FE55-46EB-A279-D8372AB2B915}.Release|Any CPU.Build.0 = Release|Any CPU
	EndGlobalSection
	GlobalSection(SolutionProperties) = preSolution
		HideSolutionNode = FALSE
	EndGlobalSection
	GlobalSection(ExtensibilityGlobals) = postSolution
		SolutionGuid = {6DD14AB7-4068-41C9-B2A3-7F10AFB4BAC5}
	EndGlobalSection
EndGlobal
